
Microsoft Visual Studio Solution File, Format Version 12.00
# Visual Studio Version 16
VisualStudioVersion = 16.0.30204.135
MinimumVisualStudioVersion = 10.0.40219.1
Project("{FAE04EC0-301F-11D3-BF4B-00C04F79EFBC}") = "DataGovAPI_InClass2", "DataGovAPI_InClass2.csproj", "{A66C9D47-964F-454C-B431-7817FA976560}"
EndProject
Global
	GlobalSection(SolutionConfigurationPlatforms) = preSolution
		Debug|Any CPU = Debug|Any CPU
		Release|Any CPU = Release|Any CPU
	EndGlobalSection
	GlobalSection(ProjectConfigurationPlatforms) = postSolution
		{A66C9D47-964F-454C-B431-7817FA976560}.Debug|Any CPU.ActiveCfg = Debug|Any CPU
		{A66C9D47-964F-454C-B431-7817FA976560}.Debug|Any CPU.Build.0 = Debug|Any CPU
		{A66C9D47-964F-454C-B431-7817FA976560}.Release|Any CPU.ActiveCfg = Release|Any CPU
		{A66C9D47-964F-454C-B431-7817FA976560}.Release|Any CPU.Build.0 = Release|Any CPU
	EndGlobalSection
	GlobalSection(SolutionProperties) = preSolution
		HideSolutionNode = FALSE
	EndGlobalSection
	GlobalSection(ExtensibilityGlobals) = postSolution
		SolutionGuid = {F4E5D3E4-31D8-4265-B61C-B485DC63C32E}
	EndGlobalSection
EndGlobal
